
Microsoft Visual Studio Solution File, Format Version 12.00
# Visual Studio Version 16
VisualStudioVersion = 16.0.31729.503
MinimumVisualStudioVersion = 10.0.40219.1
Project("{9A19103F-16F7-4668-BE54-9A1E7A4F7556}") = "PaylocityInterview", "PaylocityInterview\PaylocityInterview.csproj", "{2B9DD7DF-B9BD-4EB9-9252-184CB02928FF}"
EndProject
Project("{FAE04EC0-301F-11D3-BF4B-00C04F79EFBC}") = "TestPaylocityInterview", "TestPaylocityInterview\TestPaylocityInterview.csproj", "{EFDC360B-1F0E-499D-9308-8C209BE71480}"
EndProject
Global
	GlobalSection(SolutionConfigurationPlatforms) = preSolution
		Debug|Any CPU = Debug|Any CPU
		Release|Any CPU = Release|Any CPU
	EndGlobalSection
	GlobalSection(ProjectConfigurationPlatforms) = postSolution
		{2B9DD7DF-B9BD-4EB9-9252-184CB02928FF}.Debug|Any CPU.ActiveCfg = Debug|Any CPU
		{2B9DD7DF-B9BD-4EB9-9252-184CB02928FF}.Debug|Any CPU.Build.0 = Debug|Any CPU
		{2B9DD7DF-B9BD-4EB9-9252-184CB02928FF}.Release|Any CPU.ActiveCfg = Release|Any CPU
		{2B9DD7DF-B9BD-4EB9-9252-184CB02928FF}.Release|Any CPU.Build.0 = Release|Any CPU
		{EFDC360B-1F0E-499D-9308-8C209BE71480}.Debug|Any CPU.ActiveCfg = Debug|Any CPU
		{EFDC360B-1F0E-499D-9308-8C209BE71480}.Debug|Any CPU.Build.0 = Debug|Any CPU
		{EFDC360B-1F0E-499D-9308-8C209BE71480}.Release|Any CPU.ActiveCfg = Release|Any CPU
		{EFDC360B-1F0E-499D-9308-8C209BE71480}.Release|Any CPU.Build.0 = Release|Any CPU
	EndGlobalSection
	GlobalSection(SolutionProperties) = preSolution
		HideSolutionNode = FALSE
	EndGlobalSection
	GlobalSection(ExtensibilityGlobals) = postSolution
		SolutionGuid = {F131DD84-2180-4B37-AC84-BB778D7A4F83}
	EndGlobalSection
EndGlobal
